// !$*UTF8*$!
{
	archiveVersion = 1;
	classes = {
	};
	objectVersion = 46;
	objects = {

/* Begin PBXBuildFile section */
		1A9D6BE6199BF7F6000AC1F5 /* Foundation.framework in Frameworks */ = {isa = PBXBuildFile; fileRef = 1A9D6BE5199BF7F6000AC1F5 /* Foundation.framework */; };
		1A9D6BE8199BF7F6000AC1F5 /* CoreGraphics.framework in Frameworks */ = {isa = PBXBuildFile; fileRef = 1A9D6BE7199BF7F6000AC1F5 /* CoreGraphics.framework */; };
		1A9D6BEA199BF7F6000AC1F5 /* UIKit.framework in Frameworks */ = {isa = PBXBuildFile; fileRef = 1A9D6BE9199BF7F6000AC1F5 /* UIKit.framework */; };
		1A9D6BF0199BF7F6000AC1F5 /* InfoPlist.strings in Resources */ = {isa = PBXBuildFile; fileRef = 1A9D6BEE199BF7F6000AC1F5 /* InfoPlist.strings */; };
		1A9D6BF2199BF7F6000AC1F5 /* main.m in Sources */ = {isa = PBXBuildFile; fileRef = 1A9D6BF1199BF7F6000AC1F5 /* main.m */; };
		1A9D6BF9199BF7F6000AC1F5 /* Main.storyboard in Resources */ = {isa = PBXBuildFile; fileRef = 1A9D6BF7199BF7F6000AC1F5 /* Main.storyboard */; };
		1A9D6BFE199BF7F6000AC1F5 /* Images.xcassets in Resources */ = {isa = PBXBuildFile; fileRef = 1A9D6BFD199BF7F6000AC1F5 /* Images.xcassets */; };
		1A9D6C05199BF7F6000AC1F5 /* XCTest.framework in Frameworks */ = {isa = PBXBuildFile; fileRef = 1A9D6C04199BF7F6000AC1F5 /* XCTest.framework */; };
		1A9D6C06199BF7F6000AC1F5 /* Foundation.framework in Frameworks */ = {isa = PBXBuildFile; fileRef = 1A9D6BE5199BF7F6000AC1F5 /* Foundation.framework */; };
		1A9D6C07199BF7F6000AC1F5 /* UIKit.framework in Frameworks */ = {isa = PBXBuildFile; fileRef = 1A9D6BE9199BF7F6000AC1F5 /* UIKit.framework */; };
		1A9D6C0F199BF7F6000AC1F5 /* InfoPlist.strings in Resources */ = {isa = PBXBuildFile; fileRef = 1A9D6C0D199BF7F6000AC1F5 /* InfoPlist.strings */; };
		1A9D6C11199BF7F6000AC1F5 /* TriangularPointilismTests.m in Sources */ = {isa = PBXBuildFile; fileRef = 1A9D6C10199BF7F6000AC1F5 /* TriangularPointilismTests.m */; };
		1AC875A3199E7ADF006C7BA9 /* QuartzCore.framework in Frameworks */ = {isa = PBXBuildFile; fileRef = 1AC875A2199E7ADF006C7BA9 /* QuartzCore.framework */; };
		697C133619F696F500970279 /* TPAppDelegate.m in Sources */ = {isa = PBXBuildFile; fileRef = 697C133019F696F500970279 /* TPAppDelegate.m */; };
		697C133719F696F500970279 /* FFShutteringViewController.m in Sources */ = {isa = PBXBuildFile; fileRef = 697C133319F696F500970279 /* FFShutteringViewController.m */; };
		697C133819F696F500970279 /* TPViewController.m in Sources */ = {isa = PBXBuildFile; fileRef = 697C133519F696F500970279 /* TPViewController.m */; };
		699AA98D19F68D3B00967A95 /* FFDoubleTriangleView.m in Sources */ = {isa = PBXBuildFile; fileRef = 699AA98A19F68D3B00967A95 /* FFDoubleTriangleView.m */; };
		699AA98E19F68D3B00967A95 /* FFShutteringView.m in Sources */ = {isa = PBXBuildFile; fileRef = 699AA98C19F68D3B00967A95 /* FFShutteringView.m */; };
/* End PBXBuildFile section */

/* Begin PBXContainerItemProxy section */
		1A9D6C08199BF7F6000AC1F5 /* PBXContainerItemProxy */ = {
			isa = PBXContainerItemProxy;
			containerPortal = 1A9D6BDA199BF7F6000AC1F5 /* Project object */;
			proxyType = 1;
			remoteGlobalIDString = 1A9D6BE1199BF7F6000AC1F5;
			remoteInfo = TriangularPointilism;
		};
/* End PBXContainerItemProxy section */

/* Begin PBXFileReference section */
		1A9D6BE2199BF7F6000AC1F5 /* TriangularPointilism.app */ = {isa = PBXFileReference; explicitFileType = wrapper.application; includeInIndex = 0; path = TriangularPointilism.app; sourceTree = BUILT_PRODUCTS_DIR; };
		1A9D6BE5199BF7F6000AC1F5 /* Foundation.framework */ = {isa = PBXFileReference; lastKnownFileType = wrapper.framework; name = Foundation.framework; path = System/Library/Frameworks/Foundation.framework; sourceTree = SDKROOT; };
		1A9D6BE7199BF7F6000AC1F5 /* CoreGraphics.framework */ = {isa = PBXFileReference; lastKnownFileType = wrapper.framework; name = CoreGraphics.framework; path = System/Library/Frameworks/CoreGraphics.framework; sourceTree = SDKROOT; };
		1A9D6BE9199BF7F6000AC1F5 /* UIKit.framework */ = {isa = PBXFileReference; lastKnownFileType = wrapper.framework; name = UIKit.framework; path = System/Library/Frameworks/UIKit.framework; sourceTree = SDKROOT; };
		1A9D6BED199BF7F6000AC1F5 /* TriangularPointilism-Info.plist */ = {isa = PBXFileReference; lastKnownFileType = text.plist.xml; path = "TriangularPointilism-Info.plist"; sourceTree = "<group>"; };
		1A9D6BEF199BF7F6000AC1F5 /* en */ = {isa = PBXFileReference; lastKnownFileType = text.plist.strings; name = en; path = en.lproj/InfoPlist.strings; sourceTree = "<group>"; };
		1A9D6BF1199BF7F6000AC1F5 /* main.m */ = {isa = PBXFileReference; lastKnownFileType = sourcecode.c.objc; path = main.m; sourceTree = "<group>"; };
		1A9D6BF3199BF7F6000AC1F5 /* TriangularPointilism-Prefix.pch */ = {isa = PBXFileReference; lastKnownFileType = sourcecode.c.h; path = "TriangularPointilism-Prefix.pch"; sourceTree = "<group>"; };
		1A9D6BF8199BF7F6000AC1F5 /* Base */ = {isa = PBXFileReference; lastKnownFileType = file.storyboard; name = Base; path = Base.lproj/Main.storyboard; sourceTree = "<group>"; };
		1A9D6BFD199BF7F6000AC1F5 /* Images.xcassets */ = {isa = PBXFileReference; lastKnownFileType = folder.assetcatalog; path = Images.xcassets; sourceTree = "<group>"; };
		1A9D6C03199BF7F6000AC1F5 /* TriangularPointilismTests.xctest */ = {isa = PBXFileReference; explicitFileType = wrapper.cfbundle; includeInIndex = 0; path = TriangularPointilismTests.xctest; sourceTree = BUILT_PRODUCTS_DIR; };
		1A9D6C04199BF7F6000AC1F5 /* XCTest.framework */ = {isa = PBXFileReference; lastKnownFileType = wrapper.framework; name = XCTest.framework; path = Library/Frameworks/XCTest.framework; sourceTree = DEVELOPER_DIR; };
		1A9D6C0C199BF7F6000AC1F5 /* TriangularPointilismTests-Info.plist */ = {isa = PBXFileReference; lastKnownFileType = text.plist.xml; path = "TriangularPointilismTests-Info.plist"; sourceTree = "<group>"; };
		1A9D6C0E199BF7F6000AC1F5 /* en */ = {isa = PBXFileReference; lastKnownFileType = text.plist.strings; name = en; path = en.lproj/InfoPlist.strings; sourceTree = "<group>"; };
		1A9D6C10199BF7F6000AC1F5 /* TriangularPointilismTests.m */ = {isa = PBXFileReference; lastKnownFileType = sourcecode.c.objc; path = TriangularPointilismTests.m; sourceTree = "<group>"; };
		1AC875A2199E7ADF006C7BA9 /* QuartzCore.framework */ = {isa = PBXFileReference; lastKnownFileType = wrapper.framework; name = QuartzCore.framework; path = System/Library/Frameworks/QuartzCore.framework; sourceTree = SDKROOT; };
		697C132F19F696F500970279 /* TPAppDelegate.h */ = {isa = PBXFileReference; fileEncoding = 4; lastKnownFileType = sourcecode.c.h; path = TPAppDelegate.h; sourceTree = "<group>"; };
		697C133019F696F500970279 /* TPAppDelegate.m */ = {isa = PBXFileReference; fileEncoding = 4; lastKnownFileType = sourcecode.c.objc; path = TPAppDelegate.m; sourceTree = "<group>"; };
		697C133219F696F500970279 /* FFShutteringViewController.h */ = {isa = PBXFileReference; fileEncoding = 4; lastKnownFileType = sourcecode.c.h; path = FFShutteringViewController.h; sourceTree = "<group>"; };
		697C133319F696F500970279 /* FFShutteringViewController.m */ = {isa = PBXFileReference; fileEncoding = 4; lastKnownFileType = sourcecode.c.objc; path = FFShutteringViewController.m; sourceTree = "<group>"; };
		697C133419F696F500970279 /* TPViewController.h */ = {isa = PBXFileReference; fileEncoding = 4; lastKnownFileType = sourcecode.c.h; path = TPViewController.h; sourceTree = "<group>"; };
		697C133519F696F500970279 /* TPViewController.m */ = {isa = PBXFileReference; fileEncoding = 4; lastKnownFileType = sourcecode.c.objc; path = TPViewController.m; sourceTree = "<group>"; };
		699862E41A2671450063ACBC /* FFDoubleTriangleViewEffect.h */ = {isa = PBXFileReference; lastKnownFileType = sourcecode.c.h; path = FFDoubleTriangleViewEffect.h; sourceTree = "<group>"; };
		699AA98919F68D3B00967A95 /* FFDoubleTriangleView.h */ = {isa = PBXFileReference; fileEncoding = 4; lastKnownFileType = sourcecode.c.h; path = FFDoubleTriangleView.h; sourceTree = "<group>"; };
		699AA98A19F68D3B00967A95 /* FFDoubleTriangleView.m */ = {isa = PBXFileReference; fileEncoding = 4; lastKnownFileType = sourcecode.c.objc; path = FFDoubleTriangleView.m; sourceTree = "<group>"; };
		699AA98B19F68D3B00967A95 /* FFShutteringView.h */ = {isa = PBXFileReference; fileEncoding = 4; lastKnownFileType = sourcecode.c.h; path = FFShutteringView.h; sourceTree = "<group>"; };
		699AA98C19F68D3B00967A95 /* FFShutteringView.m */ = {isa = PBXFileReference; fileEncoding = 4; lastKnownFileType = sourcecode.c.objc; path = FFShutteringView.m; sourceTree = "<group>"; };
/* End PBXFileReference section */

/* Begin PBXFrameworksBuildPhase section */
		1A9D6BDF199BF7F6000AC1F5 /* Frameworks */ = {
			isa = PBXFrameworksBuildPhase;
			buildActionMask = 2147483647;
			files = (
				1AC875A3199E7ADF006C7BA9 /* QuartzCore.framework in Frameworks */,
				1A9D6BE8199BF7F6000AC1F5 /* CoreGraphics.framework in Frameworks */,
				1A9D6BEA199BF7F6000AC1F5 /* UIKit.framework in Frameworks */,
				1A9D6BE6199BF7F6000AC1F5 /* Foundation.framework in Frameworks */,
			);
			runOnlyForDeploymentPostprocessing = 0;
		};
		1A9D6C00199BF7F6000AC1F5 /* Frameworks */ = {
			isa = PBXFrameworksBuildPhase;
			buildActionMask = 2147483647;
			files = (
				1A9D6C05199BF7F6000AC1F5 /* XCTest.framework in Frameworks */,
				1A9D6C07199BF7F6000AC1F5 /* UIKit.framework in Frameworks */,
				1A9D6C06199BF7F6000AC1F5 /* Foundation.framework in Frameworks */,
			);
			runOnlyForDeploymentPostprocessing = 0;
		};
/* End PBXFrameworksBuildPhase section */

/* Begin PBXGroup section */
		1A9D6BD9199BF7F6000AC1F5 = {
			isa = PBXGroup;
			children = (
				699AA98819F68D3B00967A95 /* FFAngularPointilism */,
				1A9D6BEB199BF7F6000AC1F5 /* TriangularPointilism */,
				1A9D6C0A199BF7F6000AC1F5 /* TriangularPointilismTests */,
				1A9D6BE4199BF7F6000AC1F5 /* Frameworks */,
				1A9D6BE3199BF7F6000AC1F5 /* Products */,
			);
			sourceTree = "<group>";
		};
		1A9D6BE3199BF7F6000AC1F5 /* Products */ = {
			isa = PBXGroup;
			children = (
				1A9D6BE2199BF7F6000AC1F5 /* TriangularPointilism.app */,
				1A9D6C03199BF7F6000AC1F5 /* TriangularPointilismTests.xctest */,
			);
			name = Products;
			sourceTree = "<group>";
		};
		1A9D6BE4199BF7F6000AC1F5 /* Frameworks */ = {
			isa = PBXGroup;
			children = (
				1AC875A2199E7ADF006C7BA9 /* QuartzCore.framework */,
				1A9D6BE5199BF7F6000AC1F5 /* Foundation.framework */,
				1A9D6BE7199BF7F6000AC1F5 /* CoreGraphics.framework */,
				1A9D6BE9199BF7F6000AC1F5 /* UIKit.framework */,
				1A9D6C04199BF7F6000AC1F5 /* XCTest.framework */,
			);
			name = Frameworks;
			sourceTree = "<group>";
		};
		1A9D6BEB199BF7F6000AC1F5 /* TriangularPointilism */ = {
			isa = PBXGroup;
			children = (
				697C132E19F696F500970279 /* Classes */,
				697C133119F696F500970279 /* ViewControllers */,
				1A9D6BF7199BF7F6000AC1F5 /* Main.storyboard */,
				1A9D6BFD199BF7F6000AC1F5 /* Images.xcassets */,
				1A9D6BEC199BF7F6000AC1F5 /* Supporting Files */,
			);
			path = TriangularPointilism;
			sourceTree = "<group>";
		};
		1A9D6BEC199BF7F6000AC1F5 /* Supporting Files */ = {
			isa = PBXGroup;
			children = (
				1A9D6BED199BF7F6000AC1F5 /* TriangularPointilism-Info.plist */,
				1A9D6BEE199BF7F6000AC1F5 /* InfoPlist.strings */,
				1A9D6BF1199BF7F6000AC1F5 /* main.m */,
				1A9D6BF3199BF7F6000AC1F5 /* TriangularPointilism-Prefix.pch */,
			);
			name = "Supporting Files";
			sourceTree = "<group>";
		};
		1A9D6C0A199BF7F6000AC1F5 /* TriangularPointilismTests */ = {
			isa = PBXGroup;
			children = (
				1A9D6C10199BF7F6000AC1F5 /* TriangularPointilismTests.m */,
				1A9D6C0B199BF7F6000AC1F5 /* Supporting Files */,
			);
			path = TriangularPointilismTests;
			sourceTree = "<group>";
		};
		1A9D6C0B199BF7F6000AC1F5 /* Supporting Files */ = {
			isa = PBXGroup;
			children = (
				1A9D6C0C199BF7F6000AC1F5 /* TriangularPointilismTests-Info.plist */,
				1A9D6C0D199BF7F6000AC1F5 /* InfoPlist.strings */,
			);
			name = "Supporting Files";
			sourceTree = "<group>";
		};
		697C132E19F696F500970279 /* Classes */ = {
			isa = PBXGroup;
			children = (
				697C132F19F696F500970279 /* TPAppDelegate.h */,
				697C133019F696F500970279 /* TPAppDelegate.m */,
			);
			path = Classes;
			sourceTree = "<group>";
		};
		697C133119F696F500970279 /* ViewControllers */ = {
			isa = PBXGroup;
			children = (
				697C133219F696F500970279 /* FFShutteringViewController.h */,
				697C133319F696F500970279 /* FFShutteringViewController.m */,
				697C133419F696F500970279 /* TPViewController.h */,
				697C133519F696F500970279 /* TPViewController.m */,
			);
			path = ViewControllers;
			sourceTree = "<group>";
		};
		699AA98819F68D3B00967A95 /* FFAngularPointilism */ = {
			isa = PBXGroup;
			children = (
				699AA98919F68D3B00967A95 /* FFDoubleTriangleView.h */,
				699AA98A19F68D3B00967A95 /* FFDoubleTriangleView.m */,
				699862E41A2671450063ACBC /* FFDoubleTriangleViewEffect.h */,
				699AA98B19F68D3B00967A95 /* FFShutteringView.h */,
				699AA98C19F68D3B00967A95 /* FFShutteringView.m */,
			);
			name = FFAngularPointilism;
			path = ../FFAngularPointilism;
			sourceTree = "<group>";
		};
/* End PBXGroup section */

/* Begin PBXNativeTarget section */
		1A9D6BE1199BF7F6000AC1F5 /* TriangularPointilism */ = {
			isa = PBXNativeTarget;
			buildConfigurationList = 1A9D6C14199BF7F6000AC1F5 /* Build configuration list for PBXNativeTarget "TriangularPointilism" */;
			buildPhases = (
				1A9D6BDE199BF7F6000AC1F5 /* Sources */,
				1A9D6BDF199BF7F6000AC1F5 /* Frameworks */,
				1A9D6BE0199BF7F6000AC1F5 /* Resources */,
			);
			buildRules = (
			);
			dependencies = (
			);
			name = TriangularPointilism;
			productName = TriangularPointilism;
			productReference = 1A9D6BE2199BF7F6000AC1F5 /* TriangularPointilism.app */;
			productType = "com.apple.product-type.application";
		};
		1A9D6C02199BF7F6000AC1F5 /* TriangularPointilismTests */ = {
			isa = PBXNativeTarget;
			buildConfigurationList = 1A9D6C17199BF7F6000AC1F5 /* Build configuration list for PBXNativeTarget "TriangularPointilismTests" */;
			buildPhases = (
				1A9D6BFF199BF7F6000AC1F5 /* Sources */,
				1A9D6C00199BF7F6000AC1F5 /* Frameworks */,
				1A9D6C01199BF7F6000AC1F5 /* Resources */,
			);
			buildRules = (
			);
			dependencies = (
				1A9D6C09199BF7F6000AC1F5 /* PBXTargetDependency */,
			);
			name = TriangularPointilismTests;
			productName = TriangularPointilismTests;
			productReference = 1A9D6C03199BF7F6000AC1F5 /* TriangularPointilismTests.xctest */;
			productType = "com.apple.product-type.bundle.unit-test";
		};
/* End PBXNativeTarget section */

/* Begin PBXProject section */
		1A9D6BDA199BF7F6000AC1F5 /* Project object */ = {
			isa = PBXProject;
			attributes = {
				CLASSPREFIX = TP;
				LastUpgradeCheck = 0510;
				ORGANIZATIONNAME = FindandForm;
				TargetAttributes = {
					1A9D6C02199BF7F6000AC1F5 = {
						TestTargetID = 1A9D6BE1199BF7F6000AC1F5;
					};
				};
			};
			buildConfigurationList = 1A9D6BDD199BF7F6000AC1F5 /* Build configuration list for PBXProject "TriangularPointilism" */;
			compatibilityVersion = "Xcode 3.2";
			developmentRegion = English;
			hasScannedForEncodings = 0;
			knownRegions = (
				en,
				Base,
			);
			mainGroup = 1A9D6BD9199BF7F6000AC1F5;
			productRefGroup = 1A9D6BE3199BF7F6000AC1F5 /* Products */;
			projectDirPath = "";
			projectRoot = "";
			targets = (
				1A9D6BE1199BF7F6000AC1F5 /* TriangularPointilism */,
				1A9D6C02199BF7F6000AC1F5 /* TriangularPointilismTests */,
			);
		};
/* End PBXProject section */

/* Begin PBXResourcesBuildPhase section */
		1A9D6BE0199BF7F6000AC1F5 /* Resources */ = {
			isa = PBXResourcesBuildPhase;
			buildActionMask = 2147483647;
			files = (
				1A9D6BFE199BF7F6000AC1F5 /* Images.xcassets in Resources */,
				1A9D6BF0199BF7F6000AC1F5 /* InfoPlist.strings in Resources */,
				1A9D6BF9199BF7F6000AC1F5 /* Main.storyboard in Resources */,
			);
			runOnlyForDeploymentPostprocessing = 0;
		};
		1A9D6C01199BF7F6000AC1F5 /* Resources */ = {
			isa = PBXResourcesBuildPhase;
			buildActionMask = 2147483647;
			files = (
				1A9D6C0F199BF7F6000AC1F5 /* InfoPlist.strings in Resources */,
			);
			runOnlyForDeploymentPostprocessing = 0;
		};
/* End PBXResourcesBuildPhase section */

/* Begin PBXSourcesBuildPhase section */
		1A9D6BDE199BF7F6000AC1F5 /* Sources */ = {
			isa = PBXSourcesBuildPhase;
			buildActionMask = 2147483647;
			files = (
				697C133819F696F500970279 /* TPViewController.m in Sources */,
				699AA98E19F68D3B00967A95 /* FFShutteringView.m in Sources */,
				699AA98D19F68D3B00967A95 /* FFDoubleTriangleView.m in Sources */,
				697C133619F696F500970279 /* TPAppDelegate.m in Sources */,
				1A9D6BF2199BF7F6000AC1F5 /* main.m in Sources */,
				697C133719F696F500970279 /* FFShutteringViewController.m in Sources */,
			);
			runOnlyForDeploymentPostprocessing = 0;
		};
		1A9D6BFF199BF7F6000AC1F5 /* Sources */ = {
			isa = PBXSourcesBuildPhase;
			buildActionMask = 2147483647;
			files = (
				1A9D6C11199BF7F6000AC1F5 /* TriangularPointilismTests.m in Sources */,
			);
			runOnlyForDeploymentPostprocessing = 0;
		};
/* End PBXSourcesBuildPhase section */

/* Begin PBXTargetDependency section */
		1A9D6C09199BF7F6000AC1F5 /* PBXTargetDependency */ = {
			isa = PBXTargetDependency;
			target = 1A9D6BE1199BF7F6000AC1F5 /* TriangularPointilism */;
			targetProxy = 1A9D6C08199BF7F6000AC1F5 /* PBXContainerItemProxy */;
		};
/* End PBXTargetDependency section */

/* Begin PBXVariantGroup section */
		1A9D6BEE199BF7F6000AC1F5 /* InfoPlist.strings */ = {
			isa = PBXVariantGroup;
			children = (
				1A9D6BEF199BF7F6000AC1F5 /* en */,
			);
			name = InfoPlist.strings;
			sourceTree = "<group>";
		};
		1A9D6BF7199BF7F6000AC1F5 /* Main.storyboard */ = {
			isa = PBXVariantGroup;
			children = (
				1A9D6BF8199BF7F6000AC1F5 /* Base */,
			);
			name = Main.storyboard;
			sourceTree = "<group>";
		};
		1A9D6C0D199BF7F6000AC1F5 /* InfoPlist.strings */ = {
			isa = PBXVariantGroup;
			children = (
				1A9D6C0E199BF7F6000AC1F5 /* en */,
			);
			name = InfoPlist.strings;
			sourceTree = "<group>";
		};
/* End PBXVariantGroup section */

/* Begin XCBuildConfiguration section */
		1A9D6C12199BF7F6000AC1F5 /* Debug */ = {
			isa = XCBuildConfiguration;
			buildSettings = {
				ALWAYS_SEARCH_USER_PATHS = NO;
				CLANG_CXX_LANGUAGE_STANDARD = "gnu++0x";
				CLANG_CXX_LIBRARY = "libc++";
				CLANG_ENABLE_MODULES = YES;
				CLANG_ENABLE_OBJC_ARC = YES;
				CLANG_WARN_BOOL_CONVERSION = YES;
				CLANG_WARN_CONSTANT_CONVERSION = YES;
				CLANG_WARN_DIRECT_OBJC_ISA_USAGE = YES_ERROR;
				CLANG_WARN_EMPTY_BODY = YES;
				CLANG_WARN_ENUM_CONVERSION = YES;
				CLANG_WARN_INT_CONVERSION = YES;
				CLANG_WARN_OBJC_ROOT_CLASS = YES_ERROR;
				CLANG_WARN__DUPLICATE_METHOD_MATCH = YES;
				"CODE_SIGN_IDENTITY[sdk=iphoneos*]" = "iPhone Developer";
				COPY_PHASE_STRIP = NO;
				GCC_C_LANGUAGE_STANDARD = gnu99;
				GCC_DYNAMIC_NO_PIC = NO;
				GCC_OPTIMIZATION_LEVEL = 0;
				GCC_PREPROCESSOR_DEFINITIONS = (
					"DEBUG=1",
					"$(inherited)",
				);
				GCC_SYMBOLS_PRIVATE_EXTERN = NO;
				GCC_WARN_64_TO_32_BIT_CONVERSION = YES;
				GCC_WARN_ABOUT_RETURN_TYPE = YES_ERROR;
				GCC_WARN_UNDECLARED_SELECTOR = YES;
				GCC_WARN_UNINITIALIZED_AUTOS = YES_AGGRESSIVE;
				GCC_WARN_UNUSED_FUNCTION = YES;
				GCC_WARN_UNUSED_VARIABLE = YES;
				IPHONEOS_DEPLOYMENT_TARGET = 7.1;
				ONLY_ACTIVE_ARCH = YES;
				SDKROOT = iphoneos;
			};
			name = Debug;
		};
		1A9D6C13199BF7F6000AC1F5 /* Release */ = {
			isa = XCBuildConfiguration;
			buildSettings = {
				ALWAYS_SEARCH_USER_PATHS = NO;
				CLANG_CXX_LANGUAGE_STANDARD = "gnu++0x";
				CLANG_CXX_LIBRARY = "libc++";
				CLANG_ENABLE_MODULES = YES;
				CLANG_ENABLE_OBJC_ARC = YES;
				CLANG_WARN_BOOL_CONVERSION = YES;
				CLANG_WARN_CONSTANT_CONVERSION = YES;
				CLANG_WARN_DIRECT_OBJC_ISA_USAGE = YES_ERROR;
				CLANG_WARN_EMPTY_BODY = YES;
				CLANG_WARN_ENUM_CONVERSION = YES;
				CLANG_WARN_INT_CONVERSION = YES;
				CLANG_WARN_OBJC_ROOT_CLASS = YES_ERROR;
				CLANG_WARN__DUPLICATE_METHOD_MATCH = YES;
				"CODE_SIGN_IDENTITY[sdk=iphoneos*]" = "iPhone Developer";
				COPY_PHASE_STRIP = YES;
				ENABLE_NS_ASSERTIONS = NO;
				GCC_C_LANGUAGE_STANDARD = gnu99;
				GCC_WARN_64_TO_32_BIT_CONVERSION = YES;
				GCC_WARN_ABOUT_RETURN_TYPE = YES_ERROR;
				GCC_WARN_UNDECLARED_SELECTOR = YES;
				GCC_WARN_UNINITIALIZED_AUTOS = YES_AGGRESSIVE;
				GCC_WARN_UNUSED_FUNCTION = YES;
				GCC_WARN_UNUSED_VARIABLE = YES;
				IPHONEOS_DEPLOYMENT_TARGET = 7.1;
				SDKROOT = iphoneos;
				VALIDATE_PRODUCT = YES;
			};
			name = Release;
		};
		1A9D6C15199BF7F6000AC1F5 /* Debug */ = {
			isa = XCBuildConfiguration;
			buildSettings = {
				ASSETCATALOG_COMPILER_APPICON_NAME = AppIcon;
				ASSETCATALOG_COMPILER_LAUNCHIMAGE_NAME = LaunchImage;
				GCC_PRECOMPILE_PREFIX_HEADER = YES;
				GCC_PREFIX_HEADER = "TriangularPointilism/TriangularPointilism-Prefix.pch";
				INFOPLIST_FILE = "TriangularPointilism/TriangularPointilism-Info.plist";
				PRODUCT_NAME = "$(TARGET_NAME)";
				WRAPPER_EXTENSION = app;
			};
			name = Debug;
		};
		1A9D6C16199BF7F6000AC1F5 /* Release */ = {
			isa = XCBuildConfiguration;
			buildSettings = {
				ASSETCATALOG_COMPILER_APPICON_NAME = AppIcon;
				ASSETCATALOG_COMPILER_LAUNCHIMAGE_NAME = LaunchImage;
				GCC_PRECOMPILE_PREFIX_HEADER = YES;
				GCC_PREFIX_HEADER = "TriangularPointilism/TriangularPointilism-Prefix.pch";
				INFOPLIST_FILE = "TriangularPointilism/TriangularPointilism-Info.plist";
				PRODUCT_NAME = "$(TARGET_NAME)";
				WRAPPER_EXTENSION = app;
			};
			name = Release;
		};
		1A9D6C18199BF7F6000AC1F5 /* Debug */ = {
			isa = XCBuildConfiguration;
			buildSettings = {
				BUNDLE_LOADER = "$(BUILT_PRODUCTS_DIR)/TriangularPointilism.app/TriangularPointilism";
				FRAMEWORK_SEARCH_PATHS = (
					"$(SDKROOT)/Developer/Library/Frameworks",
					"$(inherited)",
					"$(DEVELOPER_FRAMEWORKS_DIR)",
				);
				GCC_PRECOMPILE_PREFIX_HEADER = YES;
				GCC_PREFIX_HEADER = "TriangularPointilism/TriangularPointilism-Prefix.pch";
				GCC_PREPROCESSOR_DEFINITIONS = (
					"DEBUG=1",
					"$(inherited)",
				);
				INFOPLIST_FILE = "TriangularPointilismTests/TriangularPointilismTests-Info.plist";
				PRODUCT_NAME = "$(TARGET_NAME)";
				TEST_HOST = "$(BUNDLE_LOADER)";
				WRAPPER_EXTENSION = xctest;
			};
			name = Debug;
		};
		1A9D6C19199BF7F6000AC1F5 /* Release */ = {
			isa = XCBuildConfiguration;
			buildSettings = {
				BUNDLE_LOADER = "$(BUILT_PRODUCTS_DIR)/TriangularPointilism.app/TriangularPointilism";
				FRAMEWORK_SEARCH_PATHS = (
					"$(SDKROOT)/Developer/Library/Frameworks",
					"$(inherited)",
					"$(DEVELOPER_FRAMEWORKS_DIR)",
				);
				GCC_PRECOMPILE_PREFIX_HEADER = YES;
				GCC_PREFIX_HEADER = "TriangularPointilism/TriangularPointilism-Prefix.pch";
				INFOPLIST_FILE = "TriangularPointilismTests/TriangularPointilismTests-Info.plist";
				PRODUCT_NAME = "$(TARGET_NAME)";
				TEST_HOST = "$(BUNDLE_LOADER)";
				WRAPPER_EXTENSION = xctest;
			};
			name = Release;
		};
/* End XCBuildConfiguration section */

/* Begin XCConfigurationList section */
		1A9D6BDD199BF7F6000AC1F5 /* Build configuration list for PBXProject "TriangularPointilism" */ = {
			isa = XCConfigurationList;
			buildConfigurations = (
				1A9D6C12199BF7F6000AC1F5 /* Debug */,
				1A9D6C13199BF7F6000AC1F5 /* Release */,
			);
			defaultConfigurationIsVisible = 0;
			defaultConfigurationName = Release;
		};
		1A9D6C14199BF7F6000AC1F5 /* Build configuration list for PBXNativeTarget "TriangularPointilism" */ = {
			isa = XCConfigurationList;
			buildConfigurations = (
				1A9D6C15199BF7F6000AC1F5 /* Debug */,
				1A9D6C16199BF7F6000AC1F5 /* Release */,
			);
			defaultConfigurationIsVisible = 0;
			defaultConfigurationName = Release;
		};
		1A9D6C17199BF7F6000AC1F5 /* Build configuration list for PBXNativeTarget "TriangularPointilismTests" */ = {
			isa = XCConfigurationList;
			buildConfigurations = (
				1A9D6C18199BF7F6000AC1F5 /* Debug */,
				1A9D6C19199BF7F6000AC1F5 /* Release */,
			);
			defaultConfigurationIsVisible = 0;
			defaultConfigurationName = Release;
		};
/* End XCConfigurationList section */
	};
	rootObject = 1A9D6BDA199BF7F6000AC1F5 /* Project object */;
}
